
Microsoft Visual Studio Solution File, Format Version 12.00
# Visual Studio Version 16
VisualStudioVersion = 16.0.32602.291
MinimumVisualStudioVersion = 10.0.40219.1
Project("{FAE04EC0-301F-11D3-BF4B-00C04F79EFBC}") = "ValidarEntradas", "ValidarEntradas.csproj", "{901D38A0-A850-4A2A-A326-93B9AE429FFA}"
EndProject
Global
	GlobalSection(SolutionConfigurationPlatforms) = preSolution
		Debug|Any CPU = Debug|Any CPU
		Release|Any CPU = Release|Any CPU
	EndGlobalSection
	GlobalSection(ProjectConfigurationPlatforms) = postSolution
		{901D38A0-A850-4A2A-A326-93B9AE429FFA}.Debug|Any CPU.ActiveCfg = Debug|Any CPU
		{901D38A0-A850-4A2A-A326-93B9AE429FFA}.Debug|Any CPU.Build.0 = Debug|Any CPU
		{901D38A0-A850-4A2A-A326-93B9AE429FFA}.Release|Any CPU.ActiveCfg = Release|Any CPU
		{901D38A0-A850-4A2A-A326-93B9AE429FFA}.Release|Any CPU.Build.0 = Release|Any CPU
	EndGlobalSection
	GlobalSection(SolutionProperties) = preSolution
		HideSolutionNode = FALSE
	EndGlobalSection
	GlobalSection(ExtensibilityGlobals) = postSolution
		SolutionGuid = {02DB7E8B-383F-493C-8D63-0BBBE2549EC1}
	EndGlobalSection
EndGlobal
