
Microsoft Visual Studio Solution File, Format Version 12.00
# Visual Studio Version 16
VisualStudioVersion = 16.0.32602.291
MinimumVisualStudioVersion = 10.0.40219.1
Project("{FAE04EC0-301F-11D3-BF4B-00C04F79EFBC}") = "EnviarDatosCorreo", "EnviarDatosCorreo.csproj", "{F4825532-4A36-4821-8726-CB811DE3639A}"
EndProject
Global
	GlobalSection(SolutionConfigurationPlatforms) = preSolution
		Debug|Any CPU = Debug|Any CPU
		Release|Any CPU = Release|Any CPU
	EndGlobalSection
	GlobalSection(ProjectConfigurationPlatforms) = postSolution
		{F4825532-4A36-4821-8726-CB811DE3639A}.Debug|Any CPU.ActiveCfg = Debug|Any CPU
		{F4825532-4A36-4821-8726-CB811DE3639A}.Debug|Any CPU.Build.0 = Debug|Any CPU
		{F4825532-4A36-4821-8726-CB811DE3639A}.Release|Any CPU.ActiveCfg = Release|Any CPU
		{F4825532-4A36-4821-8726-CB811DE3639A}.Release|Any CPU.Build.0 = Release|Any CPU
	EndGlobalSection
	GlobalSection(SolutionProperties) = preSolution
		HideSolutionNode = FALSE
	EndGlobalSection
	GlobalSection(ExtensibilityGlobals) = postSolution
		SolutionGuid = {D9B91671-3AD8-4D91-BE1D-FF43857DD045}
	EndGlobalSection
EndGlobal
